
Microsoft Visual Studio Solution File, Format Version 12.00
# Visual Studio Version 17
VisualStudioVersion = 17.8.34525.116
MinimumVisualStudioVersion = 10.0.40219.1
Project("{9A19103F-16F7-4668-BE54-9A1E7A4F7556}") = "BlogApi", "BlogApi\BlogApi.csproj", "{ACCBC0C8-6004-4834-8547-FF60BB00F54F}"
EndProject
Project("{FAE04EC0-301F-11D3-BF4B-00C04F79EFBC}") = "BlogApiTests", "BlogApiTests\BlogApiTests.csproj", "{F4B36AA5-6E1F-40AB-8B41-516FCDD4882C}"
EndProject
Global
	GlobalSection(SolutionConfigurationPlatforms) = preSolution
		Debug|Any CPU = Debug|Any CPU
		Release|Any CPU = Release|Any CPU
	EndGlobalSection
	GlobalSection(ProjectConfigurationPlatforms) = postSolution
		{ACCBC0C8-6004-4834-8547-FF60BB00F54F}.Debug|Any CPU.ActiveCfg = Debug|Any CPU
		{ACCBC0C8-6004-4834-8547-FF60BB00F54F}.Debug|Any CPU.Build.0 = Debug|Any CPU
		{ACCBC0C8-6004-4834-8547-FF60BB00F54F}.Release|Any CPU.ActiveCfg = Release|Any CPU
		{ACCBC0C8-6004-4834-8547-FF60BB00F54F}.Release|Any CPU.Build.0 = Release|Any CPU
		{F4B36AA5-6E1F-40AB-8B41-516FCDD4882C}.Debug|Any CPU.ActiveCfg = Debug|Any CPU
		{F4B36AA5-6E1F-40AB-8B41-516FCDD4882C}.Debug|Any CPU.Build.0 = Debug|Any CPU
		{F4B36AA5-6E1F-40AB-8B41-516FCDD4882C}.Release|Any CPU.ActiveCfg = Release|Any CPU
		{F4B36AA5-6E1F-40AB-8B41-516FCDD4882C}.Release|Any CPU.Build.0 = Release|Any CPU
	EndGlobalSection
	GlobalSection(SolutionProperties) = preSolution
		HideSolutionNode = FALSE
	EndGlobalSection
	GlobalSection(ExtensibilityGlobals) = postSolution
		SolutionGuid = {A80F2F2A-459C-4C43-B04E-28B6CF87CA9C}
	EndGlobalSection
EndGlobal
